
Microsoft Visual Studio Solution File, Format Version 12.00
# Visual Studio 15
VisualStudioVersion = 15.0.27130.2003
MinimumVisualStudioVersion = 10.0.40219.1
Project("{FAE04EC0-301F-11D3-BF4B-00C04F79EFBC}") = "JavascriptSintassi", "WebApplication1\JavascriptSintassi.csproj", "{2B73A25A-C238-4AF6-88EF-338351E382DD}"
EndProject
Global
	GlobalSection(SolutionConfigurationPlatforms) = preSolution
		Debug|Any CPU = Debug|Any CPU
		Release|Any CPU = Release|Any CPU
	EndGlobalSection
	GlobalSection(ProjectConfigurationPlatforms) = postSolution
		{2B73A25A-C238-4AF6-88EF-338351E382DD}.Debug|Any CPU.ActiveCfg = Debug|Any CPU
		{2B73A25A-C238-4AF6-88EF-338351E382DD}.Debug|Any CPU.Build.0 = Debug|Any CPU
		{2B73A25A-C238-4AF6-88EF-338351E382DD}.Release|Any CPU.ActiveCfg = Release|Any CPU
		{2B73A25A-C238-4AF6-88EF-338351E382DD}.Release|Any CPU.Build.0 = Release|Any CPU
	EndGlobalSection
	GlobalSection(SolutionProperties) = preSolution
		HideSolutionNode = FALSE
	EndGlobalSection
	GlobalSection(ExtensibilityGlobals) = postSolution
		SolutionGuid = {0748C0D0-12E2-49AF-BC82-9EFA5915923B}
	EndGlobalSection
EndGlobal
